// !$*UTF8*$!
{
	archiveVersion = 1;
	classes = {
	};
	objectVersion = 55;
	objects = {

/* Begin PBXBuildFile section */
		4447472829A20F0000AC8F33 /* ViewController2.swift in Sources */ = {isa = PBXBuildFile; fileRef = 4447472729A20F0000AC8F33 /* ViewController2.swift */; };
		44D66BE32991F08C00E7B035 /* AppDelegate.swift in Sources */ = {isa = PBXBuildFile; fileRef = 44D66BE22991F08C00E7B035 /* AppDelegate.swift */; };
		44D66BE52991F08C00E7B035 /* SceneDelegate.swift in Sources */ = {isa = PBXBuildFile; fileRef = 44D66BE42991F08C00E7B035 /* SceneDelegate.swift */; };
		44D66BE72991F08C00E7B035 /* ViewController.swift in Sources */ = {isa = PBXBuildFile; fileRef = 44D66BE62991F08C00E7B035 /* ViewController.swift */; };
		44D66BEA2991F08C00E7B035 /* Main.storyboard in Resources */ = {isa = PBXBuildFile; fileRef = 44D66BE82991F08C00E7B035 /* Main.storyboard */; };
		44D66BEC2991F09000E7B035 /* Assets.xcassets in Resources */ = {isa = PBXBuildFile; fileRef = 44D66BEB2991F09000E7B035 /* Assets.xcassets */; };
		44D66BEF2991F09000E7B035 /* LaunchScreen.storyboard in Resources */ = {isa = PBXBuildFile; fileRef = 44D66BED2991F09000E7B035 /* LaunchScreen.storyboard */; };
		44D66BFA2991F09000E7B035 /* BlackJackoTests.swift in Sources */ = {isa = PBXBuildFile; fileRef = 44D66BF92991F09000E7B035 /* BlackJackoTests.swift */; };
		44D66C042991F09000E7B035 /* BlackJackoUITests.swift in Sources */ = {isa = PBXBuildFile; fileRef = 44D66C032991F09000E7B035 /* BlackJackoUITests.swift */; };
		44D66C062991F09000E7B035 /* BlackJackoUITestsLaunchTests.swift in Sources */ = {isa = PBXBuildFile; fileRef = 44D66C052991F09000E7B035 /* BlackJackoUITestsLaunchTests.swift */; };
/* End PBXBuildFile section */

/* Begin PBXContainerItemProxy section */
		44D66BF62991F09000E7B035 /* PBXContainerItemProxy */ = {
			isa = PBXContainerItemProxy;
			containerPortal = 44D66BD72991F08C00E7B035 /* Project object */;
			proxyType = 1;
			remoteGlobalIDString = 44D66BDE2991F08C00E7B035;
			remoteInfo = BlackJacko;
		};
		44D66C002991F09000E7B035 /* PBXContainerItemProxy */ = {
			isa = PBXContainerItemProxy;
			containerPortal = 44D66BD72991F08C00E7B035 /* Project object */;
			proxyType = 1;
			remoteGlobalIDString = 44D66BDE2991F08C00E7B035;
			remoteInfo = BlackJacko;
		};
/* End PBXContainerItemProxy section */

/* Begin PBXFileReference section */
		4447472729A20F0000AC8F33 /* ViewController2.swift */ = {isa = PBXFileReference; lastKnownFileType = sourcecode.swift; path = ViewController2.swift; sourceTree = "<group>"; };
		44D66BDF2991F08C00E7B035 /* BlackJacko.app */ = {isa = PBXFileReference; explicitFileType = wrapper.application; includeInIndex = 0; path = BlackJacko.app; sourceTree = BUILT_PRODUCTS_DIR; };
		44D66BE22991F08C00E7B035 /* AppDelegate.swift */ = {isa = PBXFileReference; lastKnownFileType = sourcecode.swift; path = AppDelegate.swift; sourceTree = "<group>"; };
		44D66BE42991F08C00E7B035 /* SceneDelegate.swift */ = {isa = PBXFileReference; lastKnownFileType = sourcecode.swift; path = SceneDelegate.swift; sourceTree = "<group>"; };
		44D66BE62991F08C00E7B035 /* ViewController.swift */ = {isa = PBXFileReference; lastKnownFileType = sourcecode.swift; path = ViewController.swift; sourceTree = "<group>"; };
		44D66BE92991F08C00E7B035 /* Base */ = {isa = PBXFileReference; lastKnownFileType = file.storyboard; name = Base; path = Base.lproj/Main.storyboard; sourceTree = "<group>"; };
		44D66BEB2991F09000E7B035 /* Assets.xcassets */ = {isa = PBXFileReference; lastKnownFileType = folder.assetcatalog; path = Assets.xcassets; sourceTree = "<group>"; };
		44D66BEE2991F09000E7B035 /* Base */ = {isa = PBXFileReference; lastKnownFileType = file.storyboard; name = Base; path = Base.lproj/LaunchScreen.storyboard; sourceTree = "<group>"; };
		44D66BF02991F09000E7B035 /* Info.plist */ = {isa = PBXFileReference; lastKnownFileType = text.plist.xml; path = Info.plist; sourceTree = "<group>"; };
		44D66BF52991F09000E7B035 /* BlackJackoTests.xctest */ = {isa = PBXFileReference; explicitFileType = wrapper.cfbundle; includeInIndex = 0; path = BlackJackoTests.xctest; sourceTree = BUILT_PRODUCTS_DIR; };
		44D66BF92991F09000E7B035 /* BlackJackoTests.swift */ = {isa = PBXFileReference; lastKnownFileType = sourcecode.swift; path = BlackJackoTests.swift; sourceTree = "<group>"; };
		44D66BFF2991F09000E7B035 /* BlackJackoUITests.xctest */ = {isa = PBXFileReference; explicitFileType = wrapper.cfbundle; includeInIndex = 0; path = BlackJackoUITests.xctest; sourceTree = BUILT_PRODUCTS_DIR; };
		44D66C032991F09000E7B035 /* BlackJackoUITests.swift */ = {isa = PBXFileReference; lastKnownFileType = sourcecode.swift; path = BlackJackoUITests.swift; sourceTree = "<group>"; };
		44D66C052991F09000E7B035 /* BlackJackoUITestsLaunchTests.swift */ = {isa = PBXFileReference; lastKnownFileType = sourcecode.swift; path = BlackJackoUITestsLaunchTests.swift; sourceTree = "<group>"; };
/* End PBXFileReference section */

/* Begin PBXFrameworksBuildPhase section */
		44D66BDC2991F08C00E7B035 /* Frameworks */ = {
			isa = PBXFrameworksBuildPhase;
			buildActionMask = 2147483647;
			files = (
			);
			runOnlyForDeploymentPostprocessing = 0;
		};
		44D66BF22991F09000E7B035 /* Frameworks */ = {
			isa = PBXFrameworksBuildPhase;
			buildActionMask = 2147483647;
			files = (
			);
			runOnlyForDeploymentPostprocessing = 0;
		};
		44D66BFC2991F09000E7B035 /* Frameworks */ = {
			isa = PBXFrameworksBuildPhase;
			buildActionMask = 2147483647;
			files = (
			);
			runOnlyForDeploymentPostprocessing = 0;
		};
/* End PBXFrameworksBuildPhase section */

/* Begin PBXGroup section */
		44D66BD62991F08C00E7B035 = {
			isa = PBXGroup;
			children = (
				4447472729A20F0000AC8F33 /* ViewController2.swift */,
				44D66BE12991F08C00E7B035 /* BlackJacko */,
				44D66BF82991F09000E7B035 /* BlackJackoTests */,
				44D66C022991F09000E7B035 /* BlackJackoUITests */,
				44D66BE02991F08C00E7B035 /* Products */,
			);
			sourceTree = "<group>";
		};
		44D66BE02991F08C00E7B035 /* Products */ = {
			isa = PBXGroup;
			children = (
				44D66BDF2991F08C00E7B035 /* BlackJacko.app */,
				44D66BF52991F09000E7B035 /* BlackJackoTests.xctest */,
				44D66BFF2991F09000E7B035 /* BlackJackoUITests.xctest */,
			);
			name = Products;
			sourceTree = "<group>";
		};
		44D66BE12991F08C00E7B035 /* BlackJacko */ = {
			isa = PBXGroup;
			children = (
				44D66BE22991F08C00E7B035 /* AppDelegate.swift */,
				44D66BE42991F08C00E7B035 /* SceneDelegate.swift */,
				44D66BE62991F08C00E7B035 /* ViewController.swift */,
				44D66BE82991F08C00E7B035 /* Main.storyboard */,
				44D66BEB2991F09000E7B035 /* Assets.xcassets */,
				44D66BED2991F09000E7B035 /* LaunchScreen.storyboard */,
				44D66BF02991F09000E7B035 /* Info.plist */,
			);
			path = BlackJacko;
			sourceTree = "<group>";
		};
		44D66BF82991F09000E7B035 /* BlackJackoTests */ = {
			isa = PBXGroup;
			children = (
				44D66BF92991F09000E7B035 /* BlackJackoTests.swift */,
			);
			path = BlackJackoTests;
			sourceTree = "<group>";
		};
		44D66C022991F09000E7B035 /* BlackJackoUITests */ = {
			isa = PBXGroup;
			children = (
				44D66C032991F09000E7B035 /* BlackJackoUITests.swift */,
				44D66C052991F09000E7B035 /* BlackJackoUITestsLaunchTests.swift */,
			);
			path = BlackJackoUITests;
			sourceTree = "<group>";
		};
/* End PBXGroup section */

/* Begin PBXNativeTarget section */
		44D66BDE2991F08C00E7B035 /* BlackJacko */ = {
			isa = PBXNativeTarget;
			buildConfigurationList = 44D66C092991F09000E7B035 /* Build configuration list for PBXNativeTarget "BlackJacko" */;
			buildPhases = (
				44D66BDB2991F08C00E7B035 /* Sources */,
				44D66BDC2991F08C00E7B035 /* Frameworks */,
				44D66BDD2991F08C00E7B035 /* Resources */,
			);
			buildRules = (
			);
			dependencies = (
			);
			name = BlackJacko;
			productName = BlackJacko;
			productReference = 44D66BDF2991F08C00E7B035 /* BlackJacko.app */;
			productType = "com.apple.product-type.application";
		};
		44D66BF42991F09000E7B035 /* BlackJackoTests */ = {
			isa = PBXNativeTarget;
			buildConfigurationList = 44D66C0C2991F09000E7B035 /* Build configuration list for PBXNativeTarget "BlackJackoTests" */;
			buildPhases = (
				44D66BF12991F09000E7B035 /* Sources */,
				44D66BF22991F09000E7B035 /* Frameworks */,
				44D66BF32991F09000E7B035 /* Resources */,
			);
			buildRules = (
			);
			dependencies = (
				44D66BF72991F09000E7B035 /* PBXTargetDependency */,
			);
			name = BlackJackoTests;
			productName = BlackJackoTests;
			productReference = 44D66BF52991F09000E7B035 /* BlackJackoTests.xctest */;
			productType = "com.apple.product-type.bundle.unit-test";
		};
		44D66BFE2991F09000E7B035 /* BlackJackoUITests */ = {
			isa = PBXNativeTarget;
			buildConfigurationList = 44D66C0F2991F09000E7B035 /* Build configuration list for PBXNativeTarget "BlackJackoUITests" */;
			buildPhases = (
				44D66BFB2991F09000E7B035 /* Sources */,
				44D66BFC2991F09000E7B035 /* Frameworks */,
				44D66BFD2991F09000E7B035 /* Resources */,
			);
			buildRules = (
			);
			dependencies = (
				44D66C012991F09000E7B035 /* PBXTargetDependency */,
			);
			name = BlackJackoUITests;
			productName = BlackJackoUITests;
			productReference = 44D66BFF2991F09000E7B035 /* BlackJackoUITests.xctest */;
			productType = "com.apple.product-type.bundle.ui-testing";
		};
/* End PBXNativeTarget section */

/* Begin PBXProject section */
		44D66BD72991F08C00E7B035 /* Project object */ = {
			isa = PBXProject;
			attributes = {
				BuildIndependentTargetsInParallel = 1;
				LastSwiftUpdateCheck = 1340;
				LastUpgradeCheck = 1340;
				TargetAttributes = {
					44D66BDE2991F08C00E7B035 = {
						CreatedOnToolsVersion = 13.4.1;
					};
					44D66BF42991F09000E7B035 = {
						CreatedOnToolsVersion = 13.4.1;
						TestTargetID = 44D66BDE2991F08C00E7B035;
					};
					44D66BFE2991F09000E7B035 = {
						CreatedOnToolsVersion = 13.4.1;
						TestTargetID = 44D66BDE2991F08C00E7B035;
					};
				};
			};
			buildConfigurationList = 44D66BDA2991F08C00E7B035 /* Build configuration list for PBXProject "BlackJacko" */;
			compatibilityVersion = "Xcode 13.0";
			developmentRegion = en;
			hasScannedForEncodings = 0;
			knownRegions = (
				en,
				Base,
			);
			mainGroup = 44D66BD62991F08C00E7B035;
			productRefGroup = 44D66BE02991F08C00E7B035 /* Products */;
			projectDirPath = "";
			projectRoot = "";
			targets = (
				44D66BDE2991F08C00E7B035 /* BlackJacko */,
				44D66BF42991F09000E7B035 /* BlackJackoTests */,
				44D66BFE2991F09000E7B035 /* BlackJackoUITests */,
			);
		};
/* End PBXProject section */

/* Begin PBXResourcesBuildPhase section */
		44D66BDD2991F08C00E7B035 /* Resources */ = {
			isa = PBXResourcesBuildPhase;
			buildActionMask = 2147483647;
			files = (
				44D66BEF2991F09000E7B035 /* LaunchScreen.storyboard in Resources */,
				44D66BEC2991F09000E7B035 /* Assets.xcassets in Resources */,
				44D66BEA2991F08C00E7B035 /* Main.storyboard in Resources */,
			);
			runOnlyForDeploymentPostprocessing = 0;
		};
		44D66BF32991F09000E7B035 /* Resources */ = {
			isa = PBXResourcesBuildPhase;
			buildActionMask = 2147483647;
			files = (
			);
			runOnlyForDeploymentPostprocessing = 0;
		};
		44D66BFD2991F09000E7B035 /* Resources */ = {
			isa = PBXResourcesBuildPhase;
			buildActionMask = 2147483647;
			files = (
			);
			runOnlyForDeploymentPostprocessing = 0;
		};
/* End PBXResourcesBuildPhase section */

/* Begin PBXSourcesBuildPhase section */
		44D66BDB2991F08C00E7B035 /* Sources */ = {
			isa = PBXSourcesBuildPhase;
			buildActionMask = 2147483647;
			files = (
				44D66BE72991F08C00E7B035 /* ViewController.swift in Sources */,
				4447472829A20F0000AC8F33 /* ViewController2.swift in Sources */,
				44D66BE32991F08C00E7B035 /* AppDelegate.swift in Sources */,
				44D66BE52991F08C00E7B035 /* SceneDelegate.swift in Sources */,
			);
			runOnlyForDeploymentPostprocessing = 0;
		};
		44D66BF12991F09000E7B035 /* Sources */ = {
			isa = PBXSourcesBuildPhase;
			buildActionMask = 2147483647;
			files = (
				44D66BFA2991F09000E7B035 /* BlackJackoTests.swift in Sources */,
			);
			runOnlyForDeploymentPostprocessing = 0;
		};
		44D66BFB2991F09000E7B035 /* Sources */ = {
			isa = PBXSourcesBuildPhase;
			buildActionMask = 2147483647;
			files = (
				44D66C042991F09000E7B035 /* BlackJackoUITests.swift in Sources */,
				44D66C062991F09000E7B035 /* BlackJackoUITestsLaunchTests.swift in Sources */,
			);
			runOnlyForDeploymentPostprocessing = 0;
		};
/* End PBXSourcesBuildPhase section */

/* Begin PBXTargetDependency section */
		44D66BF72991F09000E7B035 /* PBXTargetDependency */ = {
			isa = PBXTargetDependency;
			target = 44D66BDE2991F08C00E7B035 /* BlackJacko */;
			targetProxy = 44D66BF62991F09000E7B035 /* PBXContainerItemProxy */;
		};
		44D66C012991F09000E7B035 /* PBXTargetDependency */ = {
			isa = PBXTargetDependency;
			target = 44D66BDE2991F08C00E7B035 /* BlackJacko */;
			targetProxy = 44D66C002991F09000E7B035 /* PBXContainerItemProxy */;
		};
/* End PBXTargetDependency section */

/* Begin PBXVariantGroup section */
		44D66BE82991F08C00E7B035 /* Main.storyboard */ = {
			isa = PBXVariantGroup;
			children = (
				44D66BE92991F08C00E7B035 /* Base */,
			);
			name = Main.storyboard;
			sourceTree = "<group>";
		};
		44D66BED2991F09000E7B035 /* LaunchScreen.storyboard */ = {
			isa = PBXVariantGroup;
			children = (
				44D66BEE2991F09000E7B035 /* Base */,
			);
			name = LaunchScreen.storyboard;
			sourceTree = "<group>";
		};
/* End PBXVariantGroup section */

/* Begin XCBuildConfiguration section */
		44D66C072991F09000E7B035 /* Debug */ = {
			isa = XCBuildConfiguration;
			buildSettings = {
				ALWAYS_SEARCH_USER_PATHS = NO;
				CLANG_ANALYZER_NONNULL = YES;
				CLANG_ANALYZER_NUMBER_OBJECT_CONVERSION = YES_AGGRESSIVE;
				CLANG_CXX_LANGUAGE_STANDARD = "gnu++17";
				CLANG_ENABLE_MODULES = YES;
				CLANG_ENABLE_OBJC_ARC = YES;
				CLANG_ENABLE_OBJC_WEAK = YES;
				CLANG_WARN_BLOCK_CAPTURE_AUTORELEASING = YES;
				CLANG_WARN_BOOL_CONVERSION = YES;
				CLANG_WARN_COMMA = YES;
				CLANG_WARN_CONSTANT_CONVERSION = YES;
				CLANG_WARN_DEPRECATED_OBJC_IMPLEMENTATIONS = YES;
				CLANG_WARN_DIRECT_OBJC_ISA_USAGE = YES_ERROR;
				CLANG_WARN_DOCUMENTATION_COMMENTS = YES;
				CLANG_WARN_EMPTY_BODY = YES;
				CLANG_WARN_ENUM_CONVERSION = YES;
				CLANG_WARN_INFINITE_RECURSION = YES;
				CLANG_WARN_INT_CONVERSION = YES;
				CLANG_WARN_NON_LITERAL_NULL_CONVERSION = YES;
				CLANG_WARN_OBJC_IMPLICIT_RETAIN_SELF = YES;
				CLANG_WARN_OBJC_LITERAL_CONVERSION = YES;
				CLANG_WARN_OBJC_ROOT_CLASS = YES_ERROR;
				CLANG_WARN_QUOTED_INCLUDE_IN_FRAMEWORK_HEADER = YES;
				CLANG_WARN_RANGE_LOOP_ANALYSIS = YES;
				CLANG_WARN_STRICT_PROTOTYPES = YES;
				CLANG_WARN_SUSPICIOUS_MOVE = YES;
				CLANG_WARN_UNGUARDED_AVAILABILITY = YES_AGGRESSIVE;
				CLANG_WARN_UNREACHABLE_CODE = YES;
				CLANG_WARN__DUPLICATE_METHOD_MATCH = YES;
				COPY_PHASE_STRIP = NO;
				DEBUG_INFORMATION_FORMAT = dwarf;
				ENABLE_STRICT_OBJC_MSGSEND = YES;
				ENABLE_TESTABILITY = YES;
				GCC_C_LANGUAGE_STANDARD = gnu11;
				GCC_DYNAMIC_NO_PIC = NO;
				GCC_NO_COMMON_BLOCKS = YES;
				GCC_OPTIMIZATION_LEVEL = 0;
				GCC_PREPROCESSOR_DEFINITIONS = (
					"DEBUG=1",
					"$(inherited)",
				);
				GCC_WARN_64_TO_32_BIT_CONVERSION = YES;
				GCC_WARN_ABOUT_RETURN_TYPE = YES_ERROR;
				GCC_WARN_UNDECLARED_SELECTOR = YES;
				GCC_WARN_UNINITIALIZED_AUTOS = YES_AGGRESSIVE;
				GCC_WARN_UNUSED_FUNCTION = YES;
				GCC_WARN_UNUSED_VARIABLE = YES;
				IPHONEOS_DEPLOYMENT_TARGET = 15.5;
				MTL_ENABLE_DEBUG_INFO = INCLUDE_SOURCE;
				MTL_FAST_MATH = YES;
				ONLY_ACTIVE_ARCH = YES;
				SDKROOT = iphoneos;
				SWIFT_ACTIVE_COMPILATION_CONDITIONS = DEBUG;
				SWIFT_OPTIMIZATION_LEVEL = "-Onone";
			};
			name = Debug;
		};
		44D66C082991F09000E7B035 /* Release */ = {
			isa = XCBuildConfiguration;
			buildSettings = {
				ALWAYS_SEARCH_USER_PATHS = NO;
				CLANG_ANALYZER_NONNULL = YES;
				CLANG_ANALYZER_NUMBER_OBJECT_CONVERSION = YES_AGGRESSIVE;
				CLANG_CXX_LANGUAGE_STANDARD = "gnu++17";
				CLANG_ENABLE_MODULES = YES;
				CLANG_ENABLE_OBJC_ARC = YES;
				CLANG_ENABLE_OBJC_WEAK = YES;
				CLANG_WARN_BLOCK_CAPTURE_AUTORELEASING = YES;
				CLANG_WARN_BOOL_CONVERSION = YES;
				CLANG_WARN_COMMA = YES;
				CLANG_WARN_CONSTANT_CONVERSION = YES;
				CLANG_WARN_DEPRECATED_OBJC_IMPLEMENTATIONS = YES;
				CLANG_WARN_DIRECT_OBJC_ISA_USAGE = YES_ERROR;
				CLANG_WARN_DOCUMENTATION_COMMENTS = YES;
				CLANG_WARN_EMPTY_BODY = YES;
				CLANG_WARN_ENUM_CONVERSION = YES;
				CLANG_WARN_INFINITE_RECURSION = YES;
				CLANG_WARN_INT_CONVERSION = YES;
				CLANG_WARN_NON_LITERAL_NULL_CONVERSION = YES;
				CLANG_WARN_OBJC_IMPLICIT_RETAIN_SELF = YES;
				CLANG_WARN_OBJC_LITERAL_CONVERSION = YES;
				CLANG_WARN_OBJC_ROOT_CLASS = YES_ERROR;
				CLANG_WARN_QUOTED_INCLUDE_IN_FRAMEWORK_HEADER = YES;
				CLANG_WARN_RANGE_LOOP_ANALYSIS = YES;
				CLANG_WARN_STRICT_PROTOTYPES = YES;
				CLANG_WARN_SUSPICIOUS_MOVE = YES;
				CLANG_WARN_UNGUARDED_AVAILABILITY = YES_AGGRESSIVE;
				CLANG_WARN_UNREACHABLE_CODE = YES;
				CLANG_WARN__DUPLICATE_METHOD_MATCH = YES;
				COPY_PHASE_STRIP = NO;
				DEBUG_INFORMATION_FORMAT = "dwarf-with-dsym";
				ENABLE_NS_ASSERTIONS = NO;
				ENABLE_STRICT_OBJC_MSGSEND = YES;
				GCC_C_LANGUAGE_STANDARD = gnu11;
				GCC_NO_COMMON_BLOCKS = YES;
				GCC_WARN_64_TO_32_BIT_CONVERSION = YES;
				GCC_WARN_ABOUT_RETURN_TYPE = YES_ERROR;
				GCC_WARN_UNDECLARED_SELECTOR = YES;
				GCC_WARN_UNINITIALIZED_AUTOS = YES_AGGRESSIVE;
				GCC_WARN_UNUSED_FUNCTION = YES;
				GCC_WARN_UNUSED_VARIABLE = YES;
				IPHONEOS_DEPLOYMENT_TARGET = 15.5;
				MTL_ENABLE_DEBUG_INFO = NO;
				MTL_FAST_MATH = YES;
				SDKROOT = iphoneos;
				SWIFT_COMPILATION_MODE = wholemodule;
				SWIFT_OPTIMIZATION_LEVEL = "-O";
				VALIDATE_PRODUCT = YES;
			};
			name = Release;
		};
		44D66C0A2991F09000E7B035 /* Debug */ = {
			isa = XCBuildConfiguration;
			buildSettings = {
				ASSETCATALOG_COMPILER_APPICON_NAME = AppIcon;
				ASSETCATALOG_COMPILER_GLOBAL_ACCENT_COLOR_NAME = AccentColor;
				CODE_SIGN_STYLE = Automatic;
				CURRENT_PROJECT_VERSION = 1;
				DEVELOPMENT_TEAM = C7CWG4875X;
				GENERATE_INFOPLIST_FILE = YES;
				INFOPLIST_FILE = BlackJacko/Info.plist;
				INFOPLIST_KEY_UIApplicationSupportsIndirectInputEvents = YES;
				INFOPLIST_KEY_UILaunchStoryboardName = LaunchScreen;
				INFOPLIST_KEY_UIMainStoryboardFile = Main;
				INFOPLIST_KEY_UISupportedInterfaceOrientations_iPad = "UIInterfaceOrientationPortrait UIInterfaceOrientationPortraitUpsideDown UIInterfaceOrientationLandscapeLeft UIInterfaceOrientationLandscapeRight";
				INFOPLIST_KEY_UISupportedInterfaceOrientations_iPhone = "UIInterfaceOrientationPortrait UIInterfaceOrientationLandscapeLeft UIInterfaceOrientationLandscapeRight";
				LD_RUNPATH_SEARCH_PATHS = (
					"$(inherited)",
					"@executable_path/Frameworks",
				);
				MARKETING_VERSION = 1.0;
				PRODUCT_BUNDLE_IDENTIFIER = com.Joseph.BlackJacko;
				PRODUCT_NAME = "$(TARGET_NAME)";
				SWIFT_EMIT_LOC_STRINGS = YES;
				SWIFT_VERSION = 5.0;
				TARGETED_DEVICE_FAMILY = "1,2";
			};
			name = Debug;
		};
		44D66C0B2991F09000E7B035 /* Release */ = {
			isa = XCBuildConfiguration;
			buildSettings = {
				ASSETCATALOG_COMPILER_APPICON_NAME = AppIcon;
				ASSETCATALOG_COMPILER_GLOBAL_ACCENT_COLOR_NAME = AccentColor;
				CODE_SIGN_STYLE = Automatic;
				CURRENT_PROJECT_VERSION = 1;
				DEVELOPMENT_TEAM = C7CWG4875X;
				GENERATE_INFOPLIST_FILE = YES;
				INFOPLIST_FILE = BlackJacko/Info.plist;
				INFOPLIST_KEY_UIApplicationSupportsIndirectInputEvents = YES;
				INFOPLIST_KEY_UILaunchStoryboardName = LaunchScreen;
				INFOPLIST_KEY_UIMainStoryboardFile = Main;
				INFOPLIST_KEY_UISupportedInterfaceOrientations_iPad = "UIInterfaceOrientationPortrait UIInterfaceOrientationPortraitUpsideDown UIInterfaceOrientationLandscapeLeft UIInterfaceOrientationLandscapeRight";
				INFOPLIST_KEY_UISupportedInterfaceOrientations_iPhone = "UIInterfaceOrientationPortrait UIInterfaceOrientationLandscapeLeft UIInterfaceOrientationLandscapeRight";
				LD_RUNPATH_SEARCH_PATHS = (
					"$(inherited)",
					"@executable_path/Frameworks",
				);
				MARKETING_VERSION = 1.0;
				PRODUCT_BUNDLE_IDENTIFIER = com.Joseph.BlackJacko;
				PRODUCT_NAME = "$(TARGET_NAME)";
				SWIFT_EMIT_LOC_STRINGS = YES;
				SWIFT_VERSION = 5.0;
				TARGETED_DEVICE_FAMILY = "1,2";
			};
			name = Release;
		};
		44D66C0D2991F09000E7B035 /* Debug */ = {
			isa = XCBuildConfiguration;
			buildSettings = {
				ALWAYS_EMBED_SWIFT_STANDARD_LIBRARIES = YES;
				BUNDLE_LOADER = "$(TEST_HOST)";
				CODE_SIGN_STYLE = Automatic;
				CURRENT_PROJECT_VERSION = 1;
				DEVELOPMENT_TEAM = C7CWG4875X;
				GENERATE_INFOPLIST_FILE = YES;
				IPHONEOS_DEPLOYMENT_TARGET = 15.5;
				MARKETING_VERSION = 1.0;
				PRODUCT_BUNDLE_IDENTIFIER = com.Joseph.BlackJackoTests;
				PRODUCT_NAME = "$(TARGET_NAME)";
				SWIFT_EMIT_LOC_STRINGS = NO;
				SWIFT_VERSION = 5.0;
				TARGETED_DEVICE_FAMILY = "1,2";
				TEST_HOST = "$(BUILT_PRODUCTS_DIR)/BlackJacko.app/BlackJacko";
			};
			name = Debug;
		};
		44D66C0E2991F09000E7B035 /* Release */ = {
			isa = XCBuildConfiguration;
			buildSettings = {
				ALWAYS_EMBED_SWIFT_STANDARD_LIBRARIES = YES;
				BUNDLE_LOADER = "$(TEST_HOST)";
				CODE_SIGN_STYLE = Automatic;
				CURRENT_PROJECT_VERSION = 1;
				DEVELOPMENT_TEAM = C7CWG4875X;
				GENERATE_INFOPLIST_FILE = YES;
				IPHONEOS_DEPLOYMENT_TARGET = 15.5;
				MARKETING_VERSION = 1.0;
				PRODUCT_BUNDLE_IDENTIFIER = com.Joseph.BlackJackoTests;
				PRODUCT_NAME = "$(TARGET_NAME)";
				SWIFT_EMIT_LOC_STRINGS = NO;
				SWIFT_VERSION = 5.0;
				TARGETED_DEVICE_FAMILY = "1,2";
				TEST_HOST = "$(BUILT_PRODUCTS_DIR)/BlackJacko.app/BlackJacko";
			};
			name = Release;
		};
		44D66C102991F09000E7B035 /* Debug */ = {
			isa = XCBuildConfiguration;
			buildSettings = {
				ALWAYS_EMBED_SWIFT_STANDARD_LIBRARIES = YES;
				CODE_SIGN_STYLE = Automatic;
				CURRENT_PROJECT_VERSION = 1;
				DEVELOPMENT_TEAM = C7CWG4875X;
				GENERATE_INFOPLIST_FILE = YES;
				MARKETING_VERSION = 1.0;
				PRODUCT_BUNDLE_IDENTIFIER = com.Joseph.BlackJackoUITests;
				PRODUCT_NAME = "$(TARGET_NAME)";
				SWIFT_EMIT_LOC_STRINGS = NO;
				SWIFT_VERSION = 5.0;
				TARGETED_DEVICE_FAMILY = "1,2";
				TEST_TARGET_NAME = BlackJacko;
			};
			name = Debug;
		};
		44D66C112991F09000E7B035 /* Release */ = {
			isa = XCBuildConfiguration;
			buildSettings = {
				ALWAYS_EMBED_SWIFT_STANDARD_LIBRARIES = YES;
				CODE_SIGN_STYLE = Automatic;
				CURRENT_PROJECT_VERSION = 1;
				DEVELOPMENT_TEAM = C7CWG4875X;
				GENERATE_INFOPLIST_FILE = YES;
				MARKETING_VERSION = 1.0;
				PRODUCT_BUNDLE_IDENTIFIER = com.Joseph.BlackJackoUITests;
				PRODUCT_NAME = "$(TARGET_NAME)";
				SWIFT_EMIT_LOC_STRINGS = NO;
				SWIFT_VERSION = 5.0;
				TARGETED_DEVICE_FAMILY = "1,2";
				TEST_TARGET_NAME = BlackJacko;
			};
			name = Release;
		};
/* End XCBuildConfiguration section */

/* Begin XCConfigurationList section */
		44D66BDA2991F08C00E7B035 /* Build configuration list for PBXProject "BlackJacko" */ = {
			isa = XCConfigurationList;
			buildConfigurations = (
				44D66C072991F09000E7B035 /* Debug */,
				44D66C082991F09000E7B035 /* Release */,
			);
			defaultConfigurationIsVisible = 0;
			defaultConfigurationName = Release;
		};
		44D66C092991F09000E7B035 /* Build configuration list for PBXNativeTarget "BlackJacko" */ = {
			isa = XCConfigurationList;
			buildConfigurations = (
				44D66C0A2991F09000E7B035 /* Debug */,
				44D66C0B2991F09000E7B035 /* Release */,
			);
			defaultConfigurationIsVisible = 0;
			defaultConfigurationName = Release;
		};
		44D66C0C2991F09000E7B035 /* Build configuration list for PBXNativeTarget "BlackJackoTests" */ = {
			isa = XCConfigurationList;
			buildConfigurations = (
				44D66C0D2991F09000E7B035 /* Debug */,
				44D66C0E2991F09000E7B035 /* Release */,
			);
			defaultConfigurationIsVisible = 0;
			defaultConfigurationName = Release;
		};
		44D66C0F2991F09000E7B035 /* Build configuration list for PBXNativeTarget "BlackJackoUITests" */ = {
			isa = XCConfigurationList;
			buildConfigurations = (
				44D66C102991F09000E7B035 /* Debug */,
				44D66C112991F09000E7B035 /* Release */,
			);
			defaultConfigurationIsVisible = 0;
			defaultConfigurationName = Release;
		};
/* End XCConfigurationList section */
	};
	rootObject = 44D66BD72991F08C00E7B035 /* Project object */;
}
